
Microsoft Visual Studio Solution File, Format Version 12.00
# Visual Studio Version 17
VisualStudioVersion = 17.7.34018.315
MinimumVisualStudioVersion = 10.0.40219.1
Project("{FAE04EC0-301F-11D3-BF4B-00C04F79EFBC}") = "PointOfSaleSystem", "PointOfSaleSystem.csproj", "{AE222E77-4047-4F2B-855C-C36397CDF73C}"
EndProject
Global
	GlobalSection(SolutionConfigurationPlatforms) = preSolution
		Debug|Any CPU = Debug|Any CPU
		Release|Any CPU = Release|Any CPU
	EndGlobalSection
	GlobalSection(ProjectConfigurationPlatforms) = postSolution
		{AE222E77-4047-4F2B-855C-C36397CDF73C}.Debug|Any CPU.ActiveCfg = Debug|Any CPU
		{AE222E77-4047-4F2B-855C-C36397CDF73C}.Debug|Any CPU.Build.0 = Debug|Any CPU
		{AE222E77-4047-4F2B-855C-C36397CDF73C}.Release|Any CPU.ActiveCfg = Release|Any CPU
		{AE222E77-4047-4F2B-855C-C36397CDF73C}.Release|Any CPU.Build.0 = Release|Any CPU
	EndGlobalSection
	GlobalSection(SolutionProperties) = preSolution
		HideSolutionNode = FALSE
	EndGlobalSection
	GlobalSection(ExtensibilityGlobals) = postSolution
		SolutionGuid = {CFCAACD6-AB4E-45B0-8A0E-277C500AA7C5}
	EndGlobalSection
EndGlobal
